{
  "name": "ProjectFinal",
  "lockfileVersion": 3,
  "requires": true,
  "packages": {
    "": {
      "dependencies": {
        "guna": "^0.0.0"
      }
    },
    "node_modules/guna": {
      "version": "0.0.0",
      "resolved": "https://registry.npmjs.org/guna/-/guna-0.0.0.tgz",
      "integrity": "sha512-kKbjI7HCg70XehBlyzqzuci7QVS4AjCTF7peWtm00i1fAK3VHgDniVf2YAgh19vJzXUK7fnfZMHAFhm2zedheA=="
    }
  }
}
